
Microsoft Visual Studio Solution File, Format Version 12.00
# Visual Studio Version 16
VisualStudioVersion = 16.0.29306.81
MinimumVisualStudioVersion = 10.0.40219.1
Project("{9A19103F-16F7-4668-BE54-9A1E7A4F7556}") = "API", "API\API.csproj", "{718F9F8F-2E7E-4A37-AB0D-D12646E880A3}"
EndProject
Project("{9A19103F-16F7-4668-BE54-9A1E7A4F7556}") = "UI", "UI\UI.csproj", "{57146282-4348-40DA-B741-AA8DC4A38F66}"
EndProject
Global
	GlobalSection(SolutionConfigurationPlatforms) = preSolution
		Debug|Any CPU = Debug|Any CPU
		Release|Any CPU = Release|Any CPU
	EndGlobalSection
	GlobalSection(ProjectConfigurationPlatforms) = postSolution
		{718F9F8F-2E7E-4A37-AB0D-D12646E880A3}.Debug|Any CPU.ActiveCfg = Debug|Any CPU
		{718F9F8F-2E7E-4A37-AB0D-D12646E880A3}.Debug|Any CPU.Build.0 = Debug|Any CPU
		{718F9F8F-2E7E-4A37-AB0D-D12646E880A3}.Release|Any CPU.ActiveCfg = Release|Any CPU
		{718F9F8F-2E7E-4A37-AB0D-D12646E880A3}.Release|Any CPU.Build.0 = Release|Any CPU
		{57146282-4348-40DA-B741-AA8DC4A38F66}.Debug|Any CPU.ActiveCfg = Debug|Any CPU
		{57146282-4348-40DA-B741-AA8DC4A38F66}.Debug|Any CPU.Build.0 = Debug|Any CPU
		{57146282-4348-40DA-B741-AA8DC4A38F66}.Release|Any CPU.ActiveCfg = Release|Any CPU
		{57146282-4348-40DA-B741-AA8DC4A38F66}.Release|Any CPU.Build.0 = Release|Any CPU
	EndGlobalSection
	GlobalSection(SolutionProperties) = preSolution
		HideSolutionNode = FALSE
	EndGlobalSection
	GlobalSection(ExtensibilityGlobals) = postSolution
		SolutionGuid = {2BC1679E-BBC0-400F-B389-302BEF75B242}
	EndGlobalSection
EndGlobal
